
Microsoft Visual Studio Solution File, Format Version 12.00
# Visual Studio Version 17
VisualStudioVersion = 17.3.32825.248
MinimumVisualStudioVersion = 10.0.40219.1
Project("{FAE04EC0-301F-11D3-BF4B-00C04F79EFBC}") = "YouTubeViewers.WPF", "YouTubeViewers.WPF\YouTubeViewers.WPF.csproj", "{B60AFC8F-28BD-4A06-80B7-D40FD9BD40F7}"
EndProject
Global
	GlobalSection(SolutionConfigurationPlatforms) = preSolution
		Debug|Any CPU = Debug|Any CPU
		Release|Any CPU = Release|Any CPU
	EndGlobalSection
	GlobalSection(ProjectConfigurationPlatforms) = postSolution
		{B60AFC8F-28BD-4A06-80B7-D40FD9BD40F7}.Debug|Any CPU.ActiveCfg = Debug|Any CPU
		{B60AFC8F-28BD-4A06-80B7-D40FD9BD40F7}.Debug|Any CPU.Build.0 = Debug|Any CPU
		{B60AFC8F-28BD-4A06-80B7-D40FD9BD40F7}.Release|Any CPU.ActiveCfg = Release|Any CPU
		{B60AFC8F-28BD-4A06-80B7-D40FD9BD40F7}.Release|Any CPU.Build.0 = Release|Any CPU
	EndGlobalSection
	GlobalSection(SolutionProperties) = preSolution
		HideSolutionNode = FALSE
	EndGlobalSection
	GlobalSection(ExtensibilityGlobals) = postSolution
		SolutionGuid = {4D01DF41-B453-4B65-9D29-C0A87B6CC315}
	EndGlobalSection
EndGlobal
